// !$*UTF8*$!
{
	archiveVersion = 1;
	classes = {
	};
	objectVersion = 46;
	objects = {

/* Begin PBXBuildFile section */
		0AC8759118CCD81400F1C7F8 /* Foundation.framework in Frameworks */ = {isa = PBXBuildFile; fileRef = 0AC8759018CCD81400F1C7F8 /* Foundation.framework */; };
		0AC8759318CCD81400F1C7F8 /* CoreGraphics.framework in Frameworks */ = {isa = PBXBuildFile; fileRef = 0AC8759218CCD81400F1C7F8 /* CoreGraphics.framework */; };
		0AC8759518CCD81400F1C7F8 /* UIKit.framework in Frameworks */ = {isa = PBXBuildFile; fileRef = 0AC8759418CCD81400F1C7F8 /* UIKit.framework */; };
		0AC8759B18CCD81400F1C7F8 /* InfoPlist.strings in Resources */ = {isa = PBXBuildFile; fileRef = 0AC8759918CCD81400F1C7F8 /* InfoPlist.strings */; };
		0AC8759D18CCD81400F1C7F8 /* main.m in Sources */ = {isa = PBXBuildFile; fileRef = 0AC8759C18CCD81400F1C7F8 /* main.m */; };
		0AC875A118CCD81400F1C7F8 /* AppDelegate.m in Sources */ = {isa = PBXBuildFile; fileRef = 0AC875A018CCD81400F1C7F8 /* AppDelegate.m */; };
		0AC875A318CCD81400F1C7F8 /* Images.xcassets in Resources */ = {isa = PBXBuildFile; fileRef = 0AC875A218CCD81400F1C7F8 /* Images.xcassets */; };
		0AC875AA18CCD81400F1C7F8 /* XCTest.framework in Frameworks */ = {isa = PBXBuildFile; fileRef = 0AC875A918CCD81400F1C7F8 /* XCTest.framework */; };
		0AC875AB18CCD81400F1C7F8 /* Foundation.framework in Frameworks */ = {isa = PBXBuildFile; fileRef = 0AC8759018CCD81400F1C7F8 /* Foundation.framework */; };
		0AC875AC18CCD81400F1C7F8 /* UIKit.framework in Frameworks */ = {isa = PBXBuildFile; fileRef = 0AC8759418CCD81400F1C7F8 /* UIKit.framework */; };
		0AC875C018CCD9A600F1C7F8 /* clockdial.png in Resources */ = {isa = PBXBuildFile; fileRef = 0AC875BF18CCD9A600F1C7F8 /* clockdial.png */; };
		0AC875C918CCDFF400F1C7F8 /* ClockViewController.m in Sources */ = {isa = PBXBuildFile; fileRef = 0AC875C818CCDFF400F1C7F8 /* ClockViewController.m */; };
		0ADB92DB18D18433008F0423 /* InnerDialView.m in Sources */ = {isa = PBXBuildFile; fileRef = 0ADB92DA18D18433008F0423 /* InnerDialView.m */; };
		0ADB92DE18D1942E008F0423 /* OuterDialView.m in Sources */ = {isa = PBXBuildFile; fileRef = 0ADB92DD18D1942E008F0423 /* OuterDialView.m */; };
		0ADB92E118D1945E008F0423 /* ClockDialView.m in Sources */ = {isa = PBXBuildFile; fileRef = 0ADB92E018D1945E008F0423 /* ClockDialView.m */; };
/* End PBXBuildFile section */

/* Begin PBXContainerItemProxy section */
		0AC875AD18CCD81400F1C7F8 /* PBXContainerItemProxy */ = {
			isa = PBXContainerItemProxy;
			containerPortal = 0AC8758518CCD81400F1C7F8 /* Project object */;
			proxyType = 1;
			remoteGlobalIDString = 0AC8758C18CCD81400F1C7F8;
			remoteInfo = "XKCD Now";
		};
/* End PBXContainerItemProxy section */

/* Begin PBXFileReference section */
		0AC8758D18CCD81400F1C7F8 /* XKCD Now.app */ = {isa = PBXFileReference; explicitFileType = wrapper.application; includeInIndex = 0; path = "XKCD Now.app"; sourceTree = BUILT_PRODUCTS_DIR; };
		0AC8759018CCD81400F1C7F8 /* Foundation.framework */ = {isa = PBXFileReference; lastKnownFileType = wrapper.framework; name = Foundation.framework; path = System/Library/Frameworks/Foundation.framework; sourceTree = SDKROOT; };
		0AC8759218CCD81400F1C7F8 /* CoreGraphics.framework */ = {isa = PBXFileReference; lastKnownFileType = wrapper.framework; name = CoreGraphics.framework; path = System/Library/Frameworks/CoreGraphics.framework; sourceTree = SDKROOT; };
		0AC8759418CCD81400F1C7F8 /* UIKit.framework */ = {isa = PBXFileReference; lastKnownFileType = wrapper.framework; name = UIKit.framework; path = System/Library/Frameworks/UIKit.framework; sourceTree = SDKROOT; };
		0AC8759818CCD81400F1C7F8 /* XKCD Now-Info.plist */ = {isa = PBXFileReference; lastKnownFileType = text.plist.xml; path = "XKCD Now-Info.plist"; sourceTree = "<group>"; };
		0AC8759A18CCD81400F1C7F8 /* en */ = {isa = PBXFileReference; lastKnownFileType = text.plist.strings; name = en; path = en.lproj/InfoPlist.strings; sourceTree = "<group>"; };
		0AC8759C18CCD81400F1C7F8 /* main.m */ = {isa = PBXFileReference; lastKnownFileType = sourcecode.c.objc; path = main.m; sourceTree = "<group>"; };
		0AC8759E18CCD81400F1C7F8 /* XKCD Now-Prefix.pch */ = {isa = PBXFileReference; lastKnownFileType = sourcecode.c.h; path = "XKCD Now-Prefix.pch"; sourceTree = "<group>"; };
		0AC8759F18CCD81400F1C7F8 /* AppDelegate.h */ = {isa = PBXFileReference; lastKnownFileType = sourcecode.c.h; path = AppDelegate.h; sourceTree = "<group>"; };
		0AC875A018CCD81400F1C7F8 /* AppDelegate.m */ = {isa = PBXFileReference; lastKnownFileType = sourcecode.c.objc; path = AppDelegate.m; sourceTree = "<group>"; };
		0AC875A218CCD81400F1C7F8 /* Images.xcassets */ = {isa = PBXFileReference; lastKnownFileType = folder.assetcatalog; path = Images.xcassets; sourceTree = "<group>"; };
		0AC875A818CCD81400F1C7F8 /* XKCD NowTests.xctest */ = {isa = PBXFileReference; explicitFileType = wrapper.cfbundle; includeInIndex = 0; path = "XKCD NowTests.xctest"; sourceTree = BUILT_PRODUCTS_DIR; };
		0AC875A918CCD81400F1C7F8 /* XCTest.framework */ = {isa = PBXFileReference; lastKnownFileType = wrapper.framework; name = XCTest.framework; path = Library/Frameworks/XCTest.framework; sourceTree = DEVELOPER_DIR; };
		0AC875BF18CCD9A600F1C7F8 /* clockdial.png */ = {isa = PBXFileReference; lastKnownFileType = image.png; path = clockdial.png; sourceTree = "<group>"; };
		0AC875C718CCDFF400F1C7F8 /* ClockViewController.h */ = {isa = PBXFileReference; fileEncoding = 4; lastKnownFileType = sourcecode.c.h; path = ClockViewController.h; sourceTree = "<group>"; };
		0AC875C818CCDFF400F1C7F8 /* ClockViewController.m */ = {isa = PBXFileReference; fileEncoding = 4; lastKnownFileType = sourcecode.c.objc; path = ClockViewController.m; sourceTree = "<group>"; };
		0ADB92D918D18433008F0423 /* InnerDialView.h */ = {isa = PBXFileReference; fileEncoding = 4; lastKnownFileType = sourcecode.c.h; path = InnerDialView.h; sourceTree = "<group>"; };
		0ADB92DA18D18433008F0423 /* InnerDialView.m */ = {isa = PBXFileReference; fileEncoding = 4; lastKnownFileType = sourcecode.c.objc; path = InnerDialView.m; sourceTree = "<group>"; };
		0ADB92DC18D1942E008F0423 /* OuterDialView.h */ = {isa = PBXFileReference; fileEncoding = 4; lastKnownFileType = sourcecode.c.h; path = OuterDialView.h; sourceTree = "<group>"; };
		0ADB92DD18D1942E008F0423 /* OuterDialView.m */ = {isa = PBXFileReference; fileEncoding = 4; lastKnownFileType = sourcecode.c.objc; path = OuterDialView.m; sourceTree = "<group>"; };
		0ADB92DF18D1945E008F0423 /* ClockDialView.h */ = {isa = PBXFileReference; fileEncoding = 4; lastKnownFileType = sourcecode.c.h; path = ClockDialView.h; sourceTree = "<group>"; };
		0ADB92E018D1945E008F0423 /* ClockDialView.m */ = {isa = PBXFileReference; fileEncoding = 4; lastKnownFileType = sourcecode.c.objc; path = ClockDialView.m; sourceTree = "<group>"; };
/* End PBXFileReference section */

/* Begin PBXFrameworksBuildPhase section */
		0AC8758A18CCD81400F1C7F8 /* Frameworks */ = {
			isa = PBXFrameworksBuildPhase;
			buildActionMask = 2147483647;
			files = (
				0AC8759318CCD81400F1C7F8 /* CoreGraphics.framework in Frameworks */,
				0AC8759518CCD81400F1C7F8 /* UIKit.framework in Frameworks */,
				0AC8759118CCD81400F1C7F8 /* Foundation.framework in Frameworks */,
			);
			runOnlyForDeploymentPostprocessing = 0;
		};
		0AC875A518CCD81400F1C7F8 /* Frameworks */ = {
			isa = PBXFrameworksBuildPhase;
			buildActionMask = 2147483647;
			files = (
				0AC875AA18CCD81400F1C7F8 /* XCTest.framework in Frameworks */,
				0AC875AC18CCD81400F1C7F8 /* UIKit.framework in Frameworks */,
				0AC875AB18CCD81400F1C7F8 /* Foundation.framework in Frameworks */,
			);
			runOnlyForDeploymentPostprocessing = 0;
		};
/* End PBXFrameworksBuildPhase section */

/* Begin PBXGroup section */
		0AC8758418CCD81400F1C7F8 = {
			isa = PBXGroup;
			children = (
				0AC8759618CCD81400F1C7F8 /* XKCD Now */,
				0AC8758F18CCD81400F1C7F8 /* Frameworks */,
				0AC8758E18CCD81400F1C7F8 /* Products */,
			);
			sourceTree = "<group>";
		};
		0AC8758E18CCD81400F1C7F8 /* Products */ = {
			isa = PBXGroup;
			children = (
				0AC8758D18CCD81400F1C7F8 /* XKCD Now.app */,
				0AC875A818CCD81400F1C7F8 /* XKCD NowTests.xctest */,
			);
			name = Products;
			sourceTree = "<group>";
		};
		0AC8758F18CCD81400F1C7F8 /* Frameworks */ = {
			isa = PBXGroup;
			children = (
				0AC8759018CCD81400F1C7F8 /* Foundation.framework */,
				0AC8759218CCD81400F1C7F8 /* CoreGraphics.framework */,
				0AC8759418CCD81400F1C7F8 /* UIKit.framework */,
				0AC875A918CCD81400F1C7F8 /* XCTest.framework */,
			);
			name = Frameworks;
			sourceTree = "<group>";
		};
		0AC8759618CCD81400F1C7F8 /* XKCD Now */ = {
			isa = PBXGroup;
			children = (
				0AC8759F18CCD81400F1C7F8 /* AppDelegate.h */,
				0AC875A018CCD81400F1C7F8 /* AppDelegate.m */,
				0AC875A218CCD81400F1C7F8 /* Images.xcassets */,
				0AC875BF18CCD9A600F1C7F8 /* clockdial.png */,
				0AC8759718CCD81400F1C7F8 /* Supporting Files */,
				0AC875C718CCDFF400F1C7F8 /* ClockViewController.h */,
				0AC875C818CCDFF400F1C7F8 /* ClockViewController.m */,
				0ADB92D918D18433008F0423 /* InnerDialView.h */,
				0ADB92DF18D1945E008F0423 /* ClockDialView.h */,
				0ADB92E018D1945E008F0423 /* ClockDialView.m */,
				0ADB92DC18D1942E008F0423 /* OuterDialView.h */,
				0ADB92DD18D1942E008F0423 /* OuterDialView.m */,
				0ADB92DA18D18433008F0423 /* InnerDialView.m */,
			);
			path = "XKCD Now";
			sourceTree = "<group>";
		};
		0AC8759718CCD81400F1C7F8 /* Supporting Files */ = {
			isa = PBXGroup;
			children = (
				0AC8759818CCD81400F1C7F8 /* XKCD Now-Info.plist */,
				0AC8759918CCD81400F1C7F8 /* InfoPlist.strings */,
				0AC8759C18CCD81400F1C7F8 /* main.m */,
				0AC8759E18CCD81400F1C7F8 /* XKCD Now-Prefix.pch */,
			);
			name = "Supporting Files";
			sourceTree = "<group>";
		};
/* End PBXGroup section */

/* Begin PBXNativeTarget section */
		0AC8758C18CCD81400F1C7F8 /* XKCD Now */ = {
			isa = PBXNativeTarget;
			buildConfigurationList = 0AC875B918CCD81400F1C7F8 /* Build configuration list for PBXNativeTarget "XKCD Now" */;
			buildPhases = (
				0AC8758918CCD81400F1C7F8 /* Sources */,
				0AC8758A18CCD81400F1C7F8 /* Frameworks */,
				0AC8758B18CCD81400F1C7F8 /* Resources */,
			);
			buildRules = (
			);
			dependencies = (
			);
			name = "XKCD Now";
			productName = "XKCD Now";
			productReference = 0AC8758D18CCD81400F1C7F8 /* XKCD Now.app */;
			productType = "com.apple.product-type.application";
		};
		0AC875A718CCD81400F1C7F8 /* XKCD NowTests */ = {
			isa = PBXNativeTarget;
			buildConfigurationList = 0AC875BC18CCD81400F1C7F8 /* Build configuration list for PBXNativeTarget "XKCD NowTests" */;
			buildPhases = (
				0AC875A418CCD81400F1C7F8 /* Sources */,
				0AC875A518CCD81400F1C7F8 /* Frameworks */,
				0AC875A618CCD81400F1C7F8 /* Resources */,
			);
			buildRules = (
			);
			dependencies = (
				0AC875AE18CCD81400F1C7F8 /* PBXTargetDependency */,
			);
			name = "XKCD NowTests";
			productName = "XKCD NowTests";
			productReference = 0AC875A818CCD81400F1C7F8 /* XKCD NowTests.xctest */;
			productType = "com.apple.product-type.bundle.unit-test";
		};
/* End PBXNativeTarget section */

/* Begin PBXProject section */
		0AC8758518CCD81400F1C7F8 /* Project object */ = {
			isa = PBXProject;
			attributes = {
				LastUpgradeCheck = 0510;
				ORGANIZATIONNAME = "Tjerk Anne Meesters";
				TargetAttributes = {
					0AC875A718CCD81400F1C7F8 = {
						TestTargetID = 0AC8758C18CCD81400F1C7F8;
					};
				};
			};
			buildConfigurationList = 0AC8758818CCD81400F1C7F8 /* Build configuration list for PBXProject "XKCD Now" */;
			compatibilityVersion = "Xcode 3.2";
			developmentRegion = English;
			hasScannedForEncodings = 0;
			knownRegions = (
				en,
			);
			mainGroup = 0AC8758418CCD81400F1C7F8;
			productRefGroup = 0AC8758E18CCD81400F1C7F8 /* Products */;
			projectDirPath = "";
			projectRoot = "";
			targets = (
				0AC8758C18CCD81400F1C7F8 /* XKCD Now */,
				0AC875A718CCD81400F1C7F8 /* XKCD NowTests */,
			);
		};
/* End PBXProject section */

/* Begin PBXResourcesBuildPhase section */
		0AC8758B18CCD81400F1C7F8 /* Resources */ = {
			isa = PBXResourcesBuildPhase;
			buildActionMask = 2147483647;
			files = (
				0AC8759B18CCD81400F1C7F8 /* InfoPlist.strings in Resources */,
				0AC875C018CCD9A600F1C7F8 /* clockdial.png in Resources */,
				0AC875A318CCD81400F1C7F8 /* Images.xcassets in Resources */,
			);
			runOnlyForDeploymentPostprocessing = 0;
		};
		0AC875A618CCD81400F1C7F8 /* Resources */ = {
			isa = PBXResourcesBuildPhase;
			buildActionMask = 2147483647;
			files = (
			);
			runOnlyForDeploymentPostprocessing = 0;
		};
/* End PBXResourcesBuildPhase section */

/* Begin PBXSourcesBuildPhase section */
		0AC8758918CCD81400F1C7F8 /* Sources */ = {
			isa = PBXSourcesBuildPhase;
			buildActionMask = 2147483647;
			files = (
				0ADB92DB18D18433008F0423 /* InnerDialView.m in Sources */,
				0ADB92E118D1945E008F0423 /* ClockDialView.m in Sources */,
				0ADB92DE18D1942E008F0423 /* OuterDialView.m in Sources */,
				0AC875A118CCD81400F1C7F8 /* AppDelegate.m in Sources */,
				0AC8759D18CCD81400F1C7F8 /* main.m in Sources */,
				0AC875C918CCDFF400F1C7F8 /* ClockViewController.m in Sources */,
			);
			runOnlyForDeploymentPostprocessing = 0;
		};
		0AC875A418CCD81400F1C7F8 /* Sources */ = {
			isa = PBXSourcesBuildPhase;
			buildActionMask = 2147483647;
			files = (
			);
			runOnlyForDeploymentPostprocessing = 0;
		};
/* End PBXSourcesBuildPhase section */

/* Begin PBXTargetDependency section */
		0AC875AE18CCD81400F1C7F8 /* PBXTargetDependency */ = {
			isa = PBXTargetDependency;
			target = 0AC8758C18CCD81400F1C7F8 /* XKCD Now */;
			targetProxy = 0AC875AD18CCD81400F1C7F8 /* PBXContainerItemProxy */;
		};
/* End PBXTargetDependency section */

/* Begin PBXVariantGroup section */
		0AC8759918CCD81400F1C7F8 /* InfoPlist.strings */ = {
			isa = PBXVariantGroup;
			children = (
				0AC8759A18CCD81400F1C7F8 /* en */,
			);
			name = InfoPlist.strings;
			sourceTree = "<group>";
		};
/* End PBXVariantGroup section */

/* Begin XCBuildConfiguration section */
		0AC875B718CCD81400F1C7F8 /* Debug */ = {
			isa = XCBuildConfiguration;
			buildSettings = {
				ALWAYS_SEARCH_USER_PATHS = NO;
				ARCHS = "$(ARCHS_STANDARD_INCLUDING_64_BIT)";
				CLANG_CXX_LANGUAGE_STANDARD = "gnu++0x";
				CLANG_CXX_LIBRARY = "libc++";
				CLANG_ENABLE_MODULES = YES;
				CLANG_ENABLE_OBJC_ARC = YES;
				CLANG_WARN_BOOL_CONVERSION = YES;
				CLANG_WARN_CONSTANT_CONVERSION = YES;
				CLANG_WARN_DIRECT_OBJC_ISA_USAGE = YES_ERROR;
				CLANG_WARN_EMPTY_BODY = YES;
				CLANG_WARN_ENUM_CONVERSION = YES;
				CLANG_WARN_INT_CONVERSION = YES;
				CLANG_WARN_OBJC_ROOT_CLASS = YES_ERROR;
				CLANG_WARN__DUPLICATE_METHOD_MATCH = YES;
				"CODE_SIGN_IDENTITY[sdk=iphoneos*]" = "iPhone Developer";
				COPY_PHASE_STRIP = NO;
				GCC_C_LANGUAGE_STANDARD = gnu99;
				GCC_DYNAMIC_NO_PIC = NO;
				GCC_OPTIMIZATION_LEVEL = 0;
				GCC_PREPROCESSOR_DEFINITIONS = (
					"DEBUG=1",
					"$(inherited)",
				);
				GCC_SYMBOLS_PRIVATE_EXTERN = NO;
				GCC_WARN_64_TO_32_BIT_CONVERSION = YES;
				GCC_WARN_ABOUT_RETURN_TYPE = YES_ERROR;
				GCC_WARN_UNDECLARED_SELECTOR = YES;
				GCC_WARN_UNINITIALIZED_AUTOS = YES;
				GCC_WARN_UNUSED_FUNCTION = YES;
				GCC_WARN_UNUSED_VARIABLE = YES;
				IPHONEOS_DEPLOYMENT_TARGET = 7.0;
				ONLY_ACTIVE_ARCH = YES;
				SDKROOT = iphoneos;
				TARGETED_DEVICE_FAMILY = "1,2";
			};
			name = Debug;
		};
		0AC875B818CCD81400F1C7F8 /* Release */ = {
			isa = XCBuildConfiguration;
			buildSettings = {
				ALWAYS_SEARCH_USER_PATHS = NO;
				ARCHS = "$(ARCHS_STANDARD_INCLUDING_64_BIT)";
				CLANG_CXX_LANGUAGE_STANDARD = "gnu++0x";
				CLANG_CXX_LIBRARY = "libc++";
				CLANG_ENABLE_MODULES = YES;
				CLANG_ENABLE_OBJC_ARC = YES;
				CLANG_WARN_BOOL_CONVERSION = YES;
				CLANG_WARN_CONSTANT_CONVERSION = YES;
				CLANG_WARN_DIRECT_OBJC_ISA_USAGE = YES_ERROR;
				CLANG_WARN_EMPTY_BODY = YES;
				CLANG_WARN_ENUM_CONVERSION = YES;
				CLANG_WARN_INT_CONVERSION = YES;
				CLANG_WARN_OBJC_ROOT_CLASS = YES_ERROR;
				CLANG_WARN__DUPLICATE_METHOD_MATCH = YES;
				"CODE_SIGN_IDENTITY[sdk=iphoneos*]" = "iPhone Developer";
				COPY_PHASE_STRIP = YES;
				ENABLE_NS_ASSERTIONS = NO;
				GCC_C_LANGUAGE_STANDARD = gnu99;
				GCC_WARN_64_TO_32_BIT_CONVERSION = YES;
				GCC_WARN_ABOUT_RETURN_TYPE = YES_ERROR;
				GCC_WARN_UNDECLARED_SELECTOR = YES;
				GCC_WARN_UNINITIALIZED_AUTOS = YES;
				GCC_WARN_UNUSED_FUNCTION = YES;
				GCC_WARN_UNUSED_VARIABLE = YES;
				IPHONEOS_DEPLOYMENT_TARGET = 7.0;
				SDKROOT = iphoneos;
				TARGETED_DEVICE_FAMILY = "1,2";
				VALIDATE_PRODUCT = YES;
			};
			name = Release;
		};
		0AC875BA18CCD81400F1C7F8 /* Debug */ = {
			isa = XCBuildConfiguration;
			buildSettings = {
				ASSETCATALOG_COMPILER_APPICON_NAME = AppIcon;
				ASSETCATALOG_COMPILER_LAUNCHIMAGE_NAME = LaunchImage;
				GCC_PRECOMPILE_PREFIX_HEADER = YES;
				GCC_PREFIX_HEADER = "XKCD Now/XKCD Now-Prefix.pch";
				INFOPLIST_FILE = "XKCD Now/XKCD Now-Info.plist";
				IPHONEOS_DEPLOYMENT_TARGET = 5.1.1;
				PRODUCT_NAME = "$(TARGET_NAME)";
				WRAPPER_EXTENSION = app;
			};
			name = Debug;
		};
		0AC875BB18CCD81400F1C7F8 /* Release */ = {
			isa = XCBuildConfiguration;
			buildSettings = {
				ASSETCATALOG_COMPILER_APPICON_NAME = AppIcon;
				ASSETCATALOG_COMPILER_LAUNCHIMAGE_NAME = LaunchImage;
				GCC_PRECOMPILE_PREFIX_HEADER = YES;
				GCC_PREFIX_HEADER = "XKCD Now/XKCD Now-Prefix.pch";
				INFOPLIST_FILE = "XKCD Now/XKCD Now-Info.plist";
				IPHONEOS_DEPLOYMENT_TARGET = 5.1.1;
				PRODUCT_NAME = "$(TARGET_NAME)";
				WRAPPER_EXTENSION = app;
			};
			name = Release;
		};
		0AC875BD18CCD81400F1C7F8 /* Debug */ = {
			isa = XCBuildConfiguration;
			buildSettings = {
				ARCHS = "$(ARCHS_STANDARD_INCLUDING_64_BIT)";
				BUNDLE_LOADER = "$(BUILT_PRODUCTS_DIR)/XKCD Now.app/XKCD Now";
				FRAMEWORK_SEARCH_PATHS = (
					"$(SDKROOT)/Developer/Library/Frameworks",
					"$(inherited)",
					"$(DEVELOPER_FRAMEWORKS_DIR)",
				);
				GCC_PRECOMPILE_PREFIX_HEADER = YES;
				GCC_PREFIX_HEADER = "XKCD Now/XKCD Now-Prefix.pch";
				GCC_PREPROCESSOR_DEFINITIONS = (
					"DEBUG=1",
					"$(inherited)",
				);
				INFOPLIST_FILE = "XKCD NowTests/XKCD NowTests-Info.plist";
				PRODUCT_NAME = "$(TARGET_NAME)";
				TEST_HOST = "$(BUNDLE_LOADER)";
				WRAPPER_EXTENSION = xctest;
			};
			name = Debug;
		};
		0AC875BE18CCD81400F1C7F8 /* Release */ = {
			isa = XCBuildConfiguration;
			buildSettings = {
				ARCHS = "$(ARCHS_STANDARD_INCLUDING_64_BIT)";
				BUNDLE_LOADER = "$(BUILT_PRODUCTS_DIR)/XKCD Now.app/XKCD Now";
				FRAMEWORK_SEARCH_PATHS = (
					"$(SDKROOT)/Developer/Library/Frameworks",
					"$(inherited)",
					"$(DEVELOPER_FRAMEWORKS_DIR)",
				);
				GCC_PRECOMPILE_PREFIX_HEADER = YES;
				GCC_PREFIX_HEADER = "XKCD Now/XKCD Now-Prefix.pch";
				INFOPLIST_FILE = "XKCD NowTests/XKCD NowTests-Info.plist";
				PRODUCT_NAME = "$(TARGET_NAME)";
				TEST_HOST = "$(BUNDLE_LOADER)";
				WRAPPER_EXTENSION = xctest;
			};
			name = Release;
		};
/* End XCBuildConfiguration section */

/* Begin XCConfigurationList section */
		0AC8758818CCD81400F1C7F8 /* Build configuration list for PBXProject "XKCD Now" */ = {
			isa = XCConfigurationList;
			buildConfigurations = (
				0AC875B718CCD81400F1C7F8 /* Debug */,
				0AC875B818CCD81400F1C7F8 /* Release */,
			);
			defaultConfigurationIsVisible = 0;
			defaultConfigurationName = Release;
		};
		0AC875B918CCD81400F1C7F8 /* Build configuration list for PBXNativeTarget "XKCD Now" */ = {
			isa = XCConfigurationList;
			buildConfigurations = (
				0AC875BA18CCD81400F1C7F8 /* Debug */,
				0AC875BB18CCD81400F1C7F8 /* Release */,
			);
			defaultConfigurationIsVisible = 0;
			defaultConfigurationName = Release;
		};
		0AC875BC18CCD81400F1C7F8 /* Build configuration list for PBXNativeTarget "XKCD NowTests" */ = {
			isa = XCConfigurationList;
			buildConfigurations = (
				0AC875BD18CCD81400F1C7F8 /* Debug */,
				0AC875BE18CCD81400F1C7F8 /* Release */,
			);
			defaultConfigurationIsVisible = 0;
			defaultConfigurationName = Release;
		};
/* End XCConfigurationList section */
	};
	rootObject = 0AC8758518CCD81400F1C7F8 /* Project object */;
}
